
Microsoft Visual Studio Solution File, Format Version 12.00
# Visual Studio Version 17
VisualStudioVersion = 17.14.36511.14 d17.14
MinimumVisualStudioVersion = 10.0.40219.1
Project("{FAE04EC0-301F-11D3-BF4B-00C04F79EFBC}") = "MiniTwitter.MediaService", "MiniTwitter.MediaService\MiniTwitter.MediaService.csproj", "{C968A08A-ECAB-4C39-8F07-E28BB6F2163E}"
EndProject
Global
	GlobalSection(SolutionConfigurationPlatforms) = preSolution
		Debug|Any CPU = Debug|Any CPU
		Release|Any CPU = Release|Any CPU
	EndGlobalSection
	GlobalSection(ProjectConfigurationPlatforms) = postSolution
		{C968A08A-ECAB-4C39-8F07-E28BB6F2163E}.Debug|Any CPU.ActiveCfg = Debug|Any CPU
		{C968A08A-ECAB-4C39-8F07-E28BB6F2163E}.Debug|Any CPU.Build.0 = Debug|Any CPU
		{C968A08A-ECAB-4C39-8F07-E28BB6F2163E}.Release|Any CPU.ActiveCfg = Release|Any CPU
		{C968A08A-ECAB-4C39-8F07-E28BB6F2163E}.Release|Any CPU.Build.0 = Release|Any CPU
	EndGlobalSection
	GlobalSection(SolutionProperties) = preSolution
		HideSolutionNode = FALSE
	EndGlobalSection
	GlobalSection(ExtensibilityGlobals) = postSolution
		SolutionGuid = {A312C63A-A606-4144-AD39-9295E8A0BD8E}
	EndGlobalSection
EndGlobal
